
Microsoft Visual Studio Solution File, Format Version 12.00
# Visual Studio Version 17
VisualStudioVersion = 17.8.34330.188
MinimumVisualStudioVersion = 10.0.40219.1
Project("{FAE04EC0-301F-11D3-BF4B-00C04F79EFBC}") = "ConsoleApp1", "ConsoleApp1.csproj", "{A805D3D9-CF53-4B01-9531-7E5BF1BDE02B}"
EndProject
Global
	GlobalSection(SolutionConfigurationPlatforms) = preSolution
		Debug|Any CPU = Debug|Any CPU
		Release|Any CPU = Release|Any CPU
	EndGlobalSection
	GlobalSection(ProjectConfigurationPlatforms) = postSolution
		{A805D3D9-CF53-4B01-9531-7E5BF1BDE02B}.Debug|Any CPU.ActiveCfg = Debug|Any CPU
		{A805D3D9-CF53-4B01-9531-7E5BF1BDE02B}.Debug|Any CPU.Build.0 = Debug|Any CPU
		{A805D3D9-CF53-4B01-9531-7E5BF1BDE02B}.Release|Any CPU.ActiveCfg = Release|Any CPU
		{A805D3D9-CF53-4B01-9531-7E5BF1BDE02B}.Release|Any CPU.Build.0 = Release|Any CPU
	EndGlobalSection
	GlobalSection(SolutionProperties) = preSolution
		HideSolutionNode = FALSE
	EndGlobalSection
	GlobalSection(ExtensibilityGlobals) = postSolution
		SolutionGuid = {FA6CAB58-E9E3-44A7-8139-F3E5C0B346FD}
	EndGlobalSection
EndGlobal
